// !$*UTF8*$!
{
	archiveVersion = 1;
	classes = {
	};
	objectVersion = 46;
	objects = {

/* Begin PBXBuildFile section */
		DBF329B81D8450990069F188 /* AppDelegate.swift in Sources */ = {isa = PBXBuildFile; fileRef = DBF329B71D8450990069F188 /* AppDelegate.swift */; };
		DBF329BA1D8450990069F188 /* ViewController.swift in Sources */ = {isa = PBXBuildFile; fileRef = DBF329B91D8450990069F188 /* ViewController.swift */; };
		DBF329BD1D8450990069F188 /* Main.storyboard in Resources */ = {isa = PBXBuildFile; fileRef = DBF329BB1D8450990069F188 /* Main.storyboard */; };
		DBF329BF1D8450990069F188 /* Assets.xcassets in Resources */ = {isa = PBXBuildFile; fileRef = DBF329BE1D8450990069F188 /* Assets.xcassets */; };
		DBF329C21D8450990069F188 /* LaunchScreen.storyboard in Resources */ = {isa = PBXBuildFile; fileRef = DBF329C01D8450990069F188 /* LaunchScreen.storyboard */; };
		DBF329CA1D84C1660069F188 /* Line.swift in Sources */ = {isa = PBXBuildFile; fileRef = DBF329C91D84C1660069F188 /* Line.swift */; };
		DBF329CC1D84C4130069F188 /* DrawView.swift in Sources */ = {isa = PBXBuildFile; fileRef = DBF329CB1D84C4130069F188 /* DrawView.swift */; };
/* End PBXBuildFile section */

/* Begin PBXFileReference section */
		DBF329B41D8450990069F188 /* TouchTracker.app */ = {isa = PBXFileReference; explicitFileType = wrapper.application; includeInIndex = 0; path = TouchTracker.app; sourceTree = BUILT_PRODUCTS_DIR; };
		DBF329B71D8450990069F188 /* AppDelegate.swift */ = {isa = PBXFileReference; lastKnownFileType = sourcecode.swift; path = AppDelegate.swift; sourceTree = "<group>"; };
		DBF329B91D8450990069F188 /* ViewController.swift */ = {isa = PBXFileReference; lastKnownFileType = sourcecode.swift; path = ViewController.swift; sourceTree = "<group>"; };
		DBF329BC1D8450990069F188 /* Base */ = {isa = PBXFileReference; lastKnownFileType = file.storyboard; name = Base; path = Base.lproj/Main.storyboard; sourceTree = "<group>"; };
		DBF329BE1D8450990069F188 /* Assets.xcassets */ = {isa = PBXFileReference; lastKnownFileType = folder.assetcatalog; path = Assets.xcassets; sourceTree = "<group>"; };
		DBF329C11D8450990069F188 /* Base */ = {isa = PBXFileReference; lastKnownFileType = file.storyboard; name = Base; path = Base.lproj/LaunchScreen.storyboard; sourceTree = "<group>"; };
		DBF329C31D8450990069F188 /* Info.plist */ = {isa = PBXFileReference; lastKnownFileType = text.plist.xml; path = Info.plist; sourceTree = "<group>"; };
		DBF329C91D84C1660069F188 /* Line.swift */ = {isa = PBXFileReference; fileEncoding = 4; lastKnownFileType = sourcecode.swift; path = Line.swift; sourceTree = "<group>"; };
		DBF329CB1D84C4130069F188 /* DrawView.swift */ = {isa = PBXFileReference; fileEncoding = 4; lastKnownFileType = sourcecode.swift; path = DrawView.swift; sourceTree = "<group>"; };
/* End PBXFileReference section */

/* Begin PBXFrameworksBuildPhase section */
		DBF329B11D8450990069F188 /* Frameworks */ = {
			isa = PBXFrameworksBuildPhase;
			buildActionMask = 2147483647;
			files = (
			);
			runOnlyForDeploymentPostprocessing = 0;
		};
/* End PBXFrameworksBuildPhase section */

/* Begin PBXGroup section */
		DBF329AB1D8450990069F188 = {
			isa = PBXGroup;
			children = (
				DBF329B61D8450990069F188 /* TouchTracker */,
				DBF329B51D8450990069F188 /* Products */,
			);
			sourceTree = "<group>";
		};
		DBF329B51D8450990069F188 /* Products */ = {
			isa = PBXGroup;
			children = (
				DBF329B41D8450990069F188 /* TouchTracker.app */,
			);
			name = Products;
			sourceTree = "<group>";
		};
		DBF329B61D8450990069F188 /* TouchTracker */ = {
			isa = PBXGroup;
			children = (
				DBF329B71D8450990069F188 /* AppDelegate.swift */,
				DBF329B91D8450990069F188 /* ViewController.swift */,
				DBF329C91D84C1660069F188 /* Line.swift */,
				DBF329CB1D84C4130069F188 /* DrawView.swift */,
				DBF329BB1D8450990069F188 /* Main.storyboard */,
				DBF329BE1D8450990069F188 /* Assets.xcassets */,
				DBF329C01D8450990069F188 /* LaunchScreen.storyboard */,
				DBF329C31D8450990069F188 /* Info.plist */,
			);
			path = TouchTracker;
			sourceTree = "<group>";
		};
/* End PBXGroup section */

/* Begin PBXNativeTarget section */
		DBF329B31D8450990069F188 /* TouchTracker */ = {
			isa = PBXNativeTarget;
			buildConfigurationList = DBF329C61D8450990069F188 /* Build configuration list for PBXNativeTarget "TouchTracker" */;
			buildPhases = (
				DBF329B01D8450990069F188 /* Sources */,
				DBF329B11D8450990069F188 /* Frameworks */,
				DBF329B21D8450990069F188 /* Resources */,
			);
			buildRules = (
			);
			dependencies = (
			);
			name = TouchTracker;
			productName = TouchTracker;
			productReference = DBF329B41D8450990069F188 /* TouchTracker.app */;
			productType = "com.apple.product-type.application";
		};
/* End PBXNativeTarget section */

/* Begin PBXProject section */
		DBF329AC1D8450990069F188 /* Project object */ = {
			isa = PBXProject;
			attributes = {
				LastSwiftUpdateCheck = 0730;
				LastUpgradeCheck = 0730;
				ORGANIZATIONNAME = "Yemi Ajibola";
				TargetAttributes = {
					DBF329B31D8450990069F188 = {
						CreatedOnToolsVersion = 7.3;
					};
				};
			};
			buildConfigurationList = DBF329AF1D8450990069F188 /* Build configuration list for PBXProject "TouchTracker" */;
			compatibilityVersion = "Xcode 3.2";
			developmentRegion = English;
			hasScannedForEncodings = 0;
			knownRegions = (
				en,
				Base,
			);
			mainGroup = DBF329AB1D8450990069F188;
			productRefGroup = DBF329B51D8450990069F188 /* Products */;
			projectDirPath = "";
			projectRoot = "";
			targets = (
				DBF329B31D8450990069F188 /* TouchTracker */,
			);
		};
/* End PBXProject section */

/* Begin PBXResourcesBuildPhase section */
		DBF329B21D8450990069F188 /* Resources */ = {
			isa = PBXResourcesBuildPhase;
			buildActionMask = 2147483647;
			files = (
				DBF329C21D8450990069F188 /* LaunchScreen.storyboard in Resources */,
				DBF329BF1D8450990069F188 /* Assets.xcassets in Resources */,
				DBF329BD1D8450990069F188 /* Main.storyboard in Resources */,
			);
			runOnlyForDeploymentPostprocessing = 0;
		};
/* End PBXResourcesBuildPhase section */

/* Begin PBXSourcesBuildPhase section */
		DBF329B01D8450990069F188 /* Sources */ = {
			isa = PBXSourcesBuildPhase;
			buildActionMask = 2147483647;
			files = (
				DBF329CA1D84C1660069F188 /* Line.swift in Sources */,
				DBF329BA1D8450990069F188 /* ViewController.swift in Sources */,
				DBF329CC1D84C4130069F188 /* DrawView.swift in Sources */,
				DBF329B81D8450990069F188 /* AppDelegate.swift in Sources */,
			);
			runOnlyForDeploymentPostprocessing = 0;
		};
/* End PBXSourcesBuildPhase section */

/* Begin PBXVariantGroup section */
		DBF329BB1D8450990069F188 /* Main.storyboard */ = {
			isa = PBXVariantGroup;
			children = (
				DBF329BC1D8450990069F188 /* Base */,
			);
			name = Main.storyboard;
			sourceTree = "<group>";
		};
		DBF329C01D8450990069F188 /* LaunchScreen.storyboard */ = {
			isa = PBXVariantGroup;
			children = (
				DBF329C11D8450990069F188 /* Base */,
			);
			name = LaunchScreen.storyboard;
			sourceTree = "<group>";
		};
/* End PBXVariantGroup section */

/* Begin XCBuildConfiguration section */
		DBF329C41D8450990069F188 /* Debug */ = {
			isa = XCBuildConfiguration;
			buildSettings = {
				ALWAYS_SEARCH_USER_PATHS = NO;
				CLANG_ANALYZER_NONNULL = YES;
				CLANG_CXX_LANGUAGE_STANDARD = "gnu++0x";
				CLANG_CXX_LIBRARY = "libc++";
				CLANG_ENABLE_MODULES = YES;
				CLANG_ENABLE_OBJC_ARC = YES;
				CLANG_WARN_BOOL_CONVERSION = YES;
				CLANG_WARN_CONSTANT_CONVERSION = YES;
				CLANG_WARN_DIRECT_OBJC_ISA_USAGE = YES_ERROR;
				CLANG_WARN_EMPTY_BODY = YES;
				CLANG_WARN_ENUM_CONVERSION = YES;
				CLANG_WARN_INT_CONVERSION = YES;
				CLANG_WARN_OBJC_ROOT_CLASS = YES_ERROR;
				CLANG_WARN_UNREACHABLE_CODE = YES;
				CLANG_WARN__DUPLICATE_METHOD_MATCH = YES;
				"CODE_SIGN_IDENTITY[sdk=iphoneos*]" = "iPhone Developer";
				COPY_PHASE_STRIP = NO;
				DEBUG_INFORMATION_FORMAT = dwarf;
				ENABLE_STRICT_OBJC_MSGSEND = YES;
				ENABLE_TESTABILITY = YES;
				GCC_C_LANGUAGE_STANDARD = gnu99;
				GCC_DYNAMIC_NO_PIC = NO;
				GCC_NO_COMMON_BLOCKS = YES;
				GCC_OPTIMIZATION_LEVEL = 0;
				GCC_PREPROCESSOR_DEFINITIONS = (
					"DEBUG=1",
					"$(inherited)",
				);
				GCC_WARN_64_TO_32_BIT_CONVERSION = YES;
				GCC_WARN_ABOUT_RETURN_TYPE = YES_ERROR;
				GCC_WARN_UNDECLARED_SELECTOR = YES;
				GCC_WARN_UNINITIALIZED_AUTOS = YES_AGGRESSIVE;
				GCC_WARN_UNUSED_FUNCTION = YES;
				GCC_WARN_UNUSED_VARIABLE = YES;
				IPHONEOS_DEPLOYMENT_TARGET = 9.3;
				MTL_ENABLE_DEBUG_INFO = YES;
				ONLY_ACTIVE_ARCH = YES;
				SDKROOT = iphoneos;
				SWIFT_OPTIMIZATION_LEVEL = "-Onone";
				TARGETED_DEVICE_FAMILY = "1,2";
			};
			name = Debug;
		};
		DBF329C51D8450990069F188 /* Release */ = {
			isa = XCBuildConfiguration;
			buildSettings = {
				ALWAYS_SEARCH_USER_PATHS = NO;
				CLANG_ANALYZER_NONNULL = YES;
				CLANG_CXX_LANGUAGE_STANDARD = "gnu++0x";
				CLANG_CXX_LIBRARY = "libc++";
				CLANG_ENABLE_MODULES = YES;
				CLANG_ENABLE_OBJC_ARC = YES;
				CLANG_WARN_BOOL_CONVERSION = YES;
				CLANG_WARN_CONSTANT_CONVERSION = YES;
				CLANG_WARN_DIRECT_OBJC_ISA_USAGE = YES_ERROR;
				CLANG_WARN_EMPTY_BODY = YES;
				CLANG_WARN_ENUM_CONVERSION = YES;
				CLANG_WARN_INT_CONVERSION = YES;
				CLANG_WARN_OBJC_ROOT_CLASS = YES_ERROR;
				CLANG_WARN_UNREACHABLE_CODE = YES;
				CLANG_WARN__DUPLICATE_METHOD_MATCH = YES;
				"CODE_SIGN_IDENTITY[sdk=iphoneos*]" = "iPhone Developer";
				COPY_PHASE_STRIP = NO;
				DEBUG_INFORMATION_FORMAT = "dwarf-with-dsym";
				ENABLE_NS_ASSERTIONS = NO;
				ENABLE_STRICT_OBJC_MSGSEND = YES;
				GCC_C_LANGUAGE_STANDARD = gnu99;
				GCC_NO_COMMON_BLOCKS = YES;
				GCC_WARN_64_TO_32_BIT_CONVERSION = YES;
				GCC_WARN_ABOUT_RETURN_TYPE = YES_ERROR;
				GCC_WARN_UNDECLARED_SELECTOR = YES;
				GCC_WARN_UNINITIALIZED_AUTOS = YES_AGGRESSIVE;
				GCC_WARN_UNUSED_FUNCTION = YES;
				GCC_WARN_UNUSED_VARIABLE = YES;
				IPHONEOS_DEPLOYMENT_TARGET = 9.3;
				MTL_ENABLE_DEBUG_INFO = NO;
				SDKROOT = iphoneos;
				TARGETED_DEVICE_FAMILY = "1,2";
				VALIDATE_PRODUCT = YES;
			};
			name = Release;
		};
		DBF329C71D8450990069F188 /* Debug */ = {
			isa = XCBuildConfiguration;
			buildSettings = {
				ASSETCATALOG_COMPILER_APPICON_NAME = AppIcon;
				INFOPLIST_FILE = TouchTracker/Info.plist;
				LD_RUNPATH_SEARCH_PATHS = "$(inherited) @executable_path/Frameworks";
				PRODUCT_BUNDLE_IDENTIFIER = com.YemiAjibola.TouchTracker;
				PRODUCT_NAME = "$(TARGET_NAME)";
			};
			name = Debug;
		};
		DBF329C81D8450990069F188 /* Release */ = {
			isa = XCBuildConfiguration;
			buildSettings = {
				ASSETCATALOG_COMPILER_APPICON_NAME = AppIcon;
				INFOPLIST_FILE = TouchTracker/Info.plist;
				LD_RUNPATH_SEARCH_PATHS = "$(inherited) @executable_path/Frameworks";
				PRODUCT_BUNDLE_IDENTIFIER = com.YemiAjibola.TouchTracker;
				PRODUCT_NAME = "$(TARGET_NAME)";
			};
			name = Release;
		};
/* End XCBuildConfiguration section */

/* Begin XCConfigurationList section */
		DBF329AF1D8450990069F188 /* Build configuration list for PBXProject "TouchTracker" */ = {
			isa = XCConfigurationList;
			buildConfigurations = (
				DBF329C41D8450990069F188 /* Debug */,
				DBF329C51D8450990069F188 /* Release */,
			);
			defaultConfigurationIsVisible = 0;
			defaultConfigurationName = Release;
		};
		DBF329C61D8450990069F188 /* Build configuration list for PBXNativeTarget "TouchTracker" */ = {
			isa = XCConfigurationList;
			buildConfigurations = (
				DBF329C71D8450990069F188 /* Debug */,
				DBF329C81D8450990069F188 /* Release */,
			);
			defaultConfigurationIsVisible = 0;
		};
/* End XCConfigurationList section */
	};
	rootObject = DBF329AC1D8450990069F188 /* Project object */;
}
